
Microsoft Visual Studio Solution File, Format Version 12.00
# Visual Studio 2012
Project("{FAE04EC0-301F-11D3-BF4B-00C04F79EFBC}") = "Auraluminous", "Auraluminous\Auraluminous.csproj", "{E5D3C246-D8BE-4CA8-8951-F9E57E96AE47}"
EndProject
Project("{FAE04EC0-301F-11D3-BF4B-00C04F79EFBC}") = "Auraluminous.Engine", "Auraluminous.Engine\Auraluminous.Engine.csproj", "{88676FE6-D6C0-4480-BEA0-A649D14CB1BD}"
EndProject
Project("{FAE04EC0-301F-11D3-BF4B-00C04F79EFBC}") = "FTD2XX", "..\FTD2XX\FTD2XX\FTD2XX.csproj", "{E735D457-50D8-4958-B68C-79617595B023}"
EndProject
Project("{FAE04EC0-301F-11D3-BF4B-00C04F79EFBC}") = "Enttec.OpenDMX", "..\Enttec.OpenDMX\Enttec.OpenDMX\Enttec.OpenDMX.csproj", "{0936544E-E909-4E70-870C-2F60ACBA480E}"
EndProject
Project("{FAE04EC0-301F-11D3-BF4B-00C04F79EFBC}") = "MonoMidi", "..\MonoMidi\MonoMidi\MonoMidi.csproj", "{DDC1CE36-60E0-4B09-A288-CB14ACE252DD}"
EndProject
Project("{FAE04EC0-301F-11D3-BF4B-00C04F79EFBC}") = "UniversalEditor.Core", "..\UniversalEditor\CSharp\Libraries\UniversalEditor.Core\UniversalEditor.Core.csproj", "{2D4737E6-6D95-408A-90DB-8DFF38147E85}"
EndProject
Project("{FAE04EC0-301F-11D3-BF4B-00C04F79EFBC}") = "UniversalEditor.Plugins.Lighting", "..\UniversalEditor\CSharp\Plugins\UniversalEditor.Plugins.Lighting\UniversalEditor.Plugins.Lighting.csproj", "{1C24F4F8-9D94-4783-B5C0-11564D70B76A}"
EndProject
Project("{FAE04EC0-301F-11D3-BF4B-00C04F79EFBC}") = "UniversalEditor.Plugins.Multimedia", "..\UniversalEditor\CSharp\Plugins\UniversalEditor.Plugins.Multimedia\UniversalEditor.Plugins.Multimedia.csproj", "{BE4D0BA3-0888-42A5-9C09-FC308A4509D2}"
EndProject
Project("{FAE04EC0-301F-11D3-BF4B-00C04F79EFBC}") = "Surodoine", "..\Surodoine\Surodoine\Surodoine.csproj", "{E0897B7B-617A-4709-A4C6-FC0F6B441B2A}"
EndProject
Project("{FAE04EC0-301F-11D3-BF4B-00C04F79EFBC}") = "AwesomeControls", "..\AwesomeControls\AwesomeControls\AwesomeControls.csproj", "{617D9EB5-CA93-45D6-AA6B-5A012B7698AC}"
EndProject
Project("{FAE04EC0-301F-11D3-BF4B-00C04F79EFBC}") = "UniversalEditor.Essential", "..\UniversalEditor\CSharp\Plugins\UniversalEditor.Essential\UniversalEditor.Essential.csproj", "{30467E5C-05BC-4856-AADC-13906EF4CADD}"
EndProject
Project("{FAE04EC0-301F-11D3-BF4B-00C04F79EFBC}") = "UniversalEditor.Plugins.Auraluminous", "UniversalEditor.Plugins.Auraluminous\UniversalEditor.Plugins.Auraluminous.csproj", "{EF886E1A-D553-43DA-857C-29DA0D6E0DAE}"
EndProject
Project("{FAE04EC0-301F-11D3-BF4B-00C04F79EFBC}") = "UniversalEditor.Compression", "..\UniversalEditor\CSharp\Libraries\UniversalEditor.Compression\UniversalEditor.Compression.csproj", "{3F664673-7E22-4486-9AD0-FC81861D0B78}"
EndProject
Project("{2150E333-8FDC-42A3-9474-1A3956D46DE8}") = "UniversalEditor", "UniversalEditor", "{01B401CC-2598-4F15-B8EA-986AC56C9DD0}"
EndProject
Project("{FAE04EC0-301F-11D3-BF4B-00C04F79EFBC}") = "UniversalEditor.UserInterface.WindowsForms.DesktopApplication", "..\UniversalEditor\CSharp\Engines\WindowsForms\Engines\UniversalEditor.UserInterface.WindowsForms.DesktopApplication\UniversalEditor.UserInterface.WindowsForms.DesktopApplication.csproj", "{118E40C4-323E-4B4B-8EF4-38EED6CC5E83}"
EndProject
Project("{FAE04EC0-301F-11D3-BF4B-00C04F79EFBC}") = "UniversalEditor.UserInterface.WindowsForms", "..\UniversalEditor\CSharp\Engines\WindowsForms\Libraries\UniversalEditor.UserInterface.WindowsForms\UniversalEditor.UserInterface.WindowsForms.csproj", "{BCBB72BD-0ECB-4FF2-8D91-E466361FB6F9}"
EndProject
Project("{FAE04EC0-301F-11D3-BF4B-00C04F79EFBC}") = "UniversalEditor.UserInterface", "..\UniversalEditor\CSharp\Libraries\UniversalEditor.UserInterface\UniversalEditor.UserInterface.csproj", "{8622EBC4-8E20-476E-B284-33D472081F5C}"
EndProject
Project("{2150E333-8FDC-42A3-9474-1A3956D46DE8}") = "Plugins", "Plugins", "{39B729C6-5FED-4684-914B-B2FED7EF3D4D}"
EndProject
Project("{2150E333-8FDC-42A3-9474-1A3956D46DE8}") = "Engines", "Engines", "{07166B09-39D7-4EA1-8FB3-1AED42D5ECD3}"
EndProject
Project("{2150E333-8FDC-42A3-9474-1A3956D46DE8}") = "WindowsForms", "WindowsForms", "{E3CB3F51-CF9F-4327-A6A9-11D2D36FE6DB}"
EndProject
Project("{2150E333-8FDC-42A3-9474-1A3956D46DE8}") = "Plugins", "Plugins", "{634A76D9-6F70-47CD-ADCF-43F4998A43B6}"
EndProject
Project("{FAE04EC0-301F-11D3-BF4B-00C04F79EFBC}") = "UniversalEditor.Plugins.Auraluminous.UserInterface.WindowsForms", "..\UniversalEditor\CSharp\Engines\WindowsForms\Plugins\UniversalEditor.Plugins.Auraluminous.UserInterface.WindowsForms\UniversalEditor.Plugins.Auraluminous.UserInterface.WindowsForms.csproj", "{15E460DD-7256-4645-ADFC-254FDE1B377A}"
EndProject
Project("{2150E333-8FDC-42A3-9474-1A3956D46DE8}") = "Libraries", "Libraries", "{E4F8335D-CD3F-4A7E-A75C-D1036C82B021}"
EndProject
Project("{2150E333-8FDC-42A3-9474-1A3956D46DE8}") = "Libraries", "Libraries", "{D633A414-D5DC-488C-8E66-580BF1233B98}"
EndProject
Project("{2150E333-8FDC-42A3-9474-1A3956D46DE8}") = "Engines", "Engines", "{8EAFC6CB-750F-4656-BF4E-BA6CE2B75B5F}"
EndProject
Project("{FAE04EC0-301F-11D3-BF4B-00C04F79EFBC}") = "Auraluminous.Bootstrapper", "Auraluminous.Bootstrapper\Auraluminous.Bootstrapper.csproj", "{8935CDB2-9992-4FCE-8E0D-53A1E72F95E5}"
EndProject
Global
	GlobalSection(SolutionConfigurationPlatforms) = preSolution
		Debug|Any CPU = Debug|Any CPU
		Debug|x86 = Debug|x86
		Release|Any CPU = Release|Any CPU
		Release|x86 = Release|x86
	EndGlobalSection
	GlobalSection(ProjectConfigurationPlatforms) = postSolution
		{E5D3C246-D8BE-4CA8-8951-F9E57E96AE47}.Debug|Any CPU.ActiveCfg = Debug|Any CPU
		{E5D3C246-D8BE-4CA8-8951-F9E57E96AE47}.Debug|Any CPU.Build.0 = Debug|Any CPU
		{E5D3C246-D8BE-4CA8-8951-F9E57E96AE47}.Debug|x86.ActiveCfg = Debug|Any CPU
		{E5D3C246-D8BE-4CA8-8951-F9E57E96AE47}.Release|Any CPU.ActiveCfg = Release|Any CPU
		{E5D3C246-D8BE-4CA8-8951-F9E57E96AE47}.Release|Any CPU.Build.0 = Release|Any CPU
		{E5D3C246-D8BE-4CA8-8951-F9E57E96AE47}.Release|x86.ActiveCfg = Release|Any CPU
		{88676FE6-D6C0-4480-BEA0-A649D14CB1BD}.Debug|Any CPU.ActiveCfg = Debug|Any CPU
		{88676FE6-D6C0-4480-BEA0-A649D14CB1BD}.Debug|Any CPU.Build.0 = Debug|Any CPU
		{88676FE6-D6C0-4480-BEA0-A649D14CB1BD}.Debug|x86.ActiveCfg = Debug|Any CPU
		{88676FE6-D6C0-4480-BEA0-A649D14CB1BD}.Release|Any CPU.ActiveCfg = Release|Any CPU
		{88676FE6-D6C0-4480-BEA0-A649D14CB1BD}.Release|Any CPU.Build.0 = Release|Any CPU
		{88676FE6-D6C0-4480-BEA0-A649D14CB1BD}.Release|x86.ActiveCfg = Release|Any CPU
		{E735D457-50D8-4958-B68C-79617595B023}.Debug|Any CPU.ActiveCfg = Debug|Any CPU
		{E735D457-50D8-4958-B68C-79617595B023}.Debug|Any CPU.Build.0 = Debug|Any CPU
		{E735D457-50D8-4958-B68C-79617595B023}.Debug|x86.ActiveCfg = Debug|Any CPU
		{E735D457-50D8-4958-B68C-79617595B023}.Release|Any CPU.ActiveCfg = Release|Any CPU
		{E735D457-50D8-4958-B68C-79617595B023}.Release|Any CPU.Build.0 = Release|Any CPU
		{E735D457-50D8-4958-B68C-79617595B023}.Release|x86.ActiveCfg = Release|Any CPU
		{0936544E-E909-4E70-870C-2F60ACBA480E}.Debug|Any CPU.ActiveCfg = Debug|Any CPU
		{0936544E-E909-4E70-870C-2F60ACBA480E}.Debug|Any CPU.Build.0 = Debug|Any CPU
		{0936544E-E909-4E70-870C-2F60ACBA480E}.Debug|x86.ActiveCfg = Debug|Any CPU
		{0936544E-E909-4E70-870C-2F60ACBA480E}.Release|Any CPU.ActiveCfg = Release|Any CPU
		{0936544E-E909-4E70-870C-2F60ACBA480E}.Release|Any CPU.Build.0 = Release|Any CPU
		{0936544E-E909-4E70-870C-2F60ACBA480E}.Release|x86.ActiveCfg = Release|Any CPU
		{DDC1CE36-60E0-4B09-A288-CB14ACE252DD}.Debug|Any CPU.ActiveCfg = Debug|Any CPU
		{DDC1CE36-60E0-4B09-A288-CB14ACE252DD}.Debug|Any CPU.Build.0 = Debug|Any CPU
		{DDC1CE36-60E0-4B09-A288-CB14ACE252DD}.Debug|x86.ActiveCfg = Debug|Any CPU
		{DDC1CE36-60E0-4B09-A288-CB14ACE252DD}.Release|Any CPU.ActiveCfg = Release|Any CPU
		{DDC1CE36-60E0-4B09-A288-CB14ACE252DD}.Release|Any CPU.Build.0 = Release|Any CPU
		{DDC1CE36-60E0-4B09-A288-CB14ACE252DD}.Release|x86.ActiveCfg = Release|Any CPU
		{2D4737E6-6D95-408A-90DB-8DFF38147E85}.Debug|Any CPU.ActiveCfg = Debug|Any CPU
		{2D4737E6-6D95-408A-90DB-8DFF38147E85}.Debug|Any CPU.Build.0 = Debug|Any CPU
		{2D4737E6-6D95-408A-90DB-8DFF38147E85}.Debug|x86.ActiveCfg = Debug|Any CPU
		{2D4737E6-6D95-408A-90DB-8DFF38147E85}.Release|Any CPU.ActiveCfg = Release|Any CPU
		{2D4737E6-6D95-408A-90DB-8DFF38147E85}.Release|Any CPU.Build.0 = Release|Any CPU
		{2D4737E6-6D95-408A-90DB-8DFF38147E85}.Release|x86.ActiveCfg = Release|Any CPU
		{1C24F4F8-9D94-4783-B5C0-11564D70B76A}.Debug|Any CPU.ActiveCfg = Debug|Any CPU
		{1C24F4F8-9D94-4783-B5C0-11564D70B76A}.Debug|Any CPU.Build.0 = Debug|Any CPU
		{1C24F4F8-9D94-4783-B5C0-11564D70B76A}.Debug|x86.ActiveCfg = Debug|Any CPU
		{1C24F4F8-9D94-4783-B5C0-11564D70B76A}.Release|Any CPU.ActiveCfg = Release|Any CPU
		{1C24F4F8-9D94-4783-B5C0-11564D70B76A}.Release|Any CPU.Build.0 = Release|Any CPU
		{1C24F4F8-9D94-4783-B5C0-11564D70B76A}.Release|x86.ActiveCfg = Release|Any CPU
		{BE4D0BA3-0888-42A5-9C09-FC308A4509D2}.Debug|Any CPU.ActiveCfg = Debug|Any CPU
		{BE4D0BA3-0888-42A5-9C09-FC308A4509D2}.Debug|Any CPU.Build.0 = Debug|Any CPU
		{BE4D0BA3-0888-42A5-9C09-FC308A4509D2}.Debug|x86.ActiveCfg = Debug|Any CPU
		{BE4D0BA3-0888-42A5-9C09-FC308A4509D2}.Release|Any CPU.ActiveCfg = Release|Any CPU
		{BE4D0BA3-0888-42A5-9C09-FC308A4509D2}.Release|Any CPU.Build.0 = Release|Any CPU
		{BE4D0BA3-0888-42A5-9C09-FC308A4509D2}.Release|x86.ActiveCfg = Release|Any CPU
		{E0897B7B-617A-4709-A4C6-FC0F6B441B2A}.Debug|Any CPU.ActiveCfg = Debug|Any CPU
		{E0897B7B-617A-4709-A4C6-FC0F6B441B2A}.Debug|Any CPU.Build.0 = Debug|Any CPU
		{E0897B7B-617A-4709-A4C6-FC0F6B441B2A}.Debug|x86.ActiveCfg = Debug|Any CPU
		{E0897B7B-617A-4709-A4C6-FC0F6B441B2A}.Release|Any CPU.ActiveCfg = Release|Any CPU
		{E0897B7B-617A-4709-A4C6-FC0F6B441B2A}.Release|Any CPU.Build.0 = Release|Any CPU
		{E0897B7B-617A-4709-A4C6-FC0F6B441B2A}.Release|x86.ActiveCfg = Release|Any CPU
		{617D9EB5-CA93-45D6-AA6B-5A012B7698AC}.Debug|Any CPU.ActiveCfg = Debug|Any CPU
		{617D9EB5-CA93-45D6-AA6B-5A012B7698AC}.Debug|Any CPU.Build.0 = Debug|Any CPU
		{617D9EB5-CA93-45D6-AA6B-5A012B7698AC}.Debug|x86.ActiveCfg = Debug|x86
		{617D9EB5-CA93-45D6-AA6B-5A012B7698AC}.Debug|x86.Build.0 = Debug|x86
		{617D9EB5-CA93-45D6-AA6B-5A012B7698AC}.Release|Any CPU.ActiveCfg = Release|Any CPU
		{617D9EB5-CA93-45D6-AA6B-5A012B7698AC}.Release|Any CPU.Build.0 = Release|Any CPU
		{617D9EB5-CA93-45D6-AA6B-5A012B7698AC}.Release|x86.ActiveCfg = Release|x86
		{617D9EB5-CA93-45D6-AA6B-5A012B7698AC}.Release|x86.Build.0 = Release|x86
		{30467E5C-05BC-4856-AADC-13906EF4CADD}.Debug|Any CPU.ActiveCfg = Debug|Any CPU
		{30467E5C-05BC-4856-AADC-13906EF4CADD}.Debug|Any CPU.Build.0 = Debug|Any CPU
		{30467E5C-05BC-4856-AADC-13906EF4CADD}.Debug|x86.ActiveCfg = Debug|Any CPU
		{30467E5C-05BC-4856-AADC-13906EF4CADD}.Release|Any CPU.ActiveCfg = Release|Any CPU
		{30467E5C-05BC-4856-AADC-13906EF4CADD}.Release|Any CPU.Build.0 = Release|Any CPU
		{30467E5C-05BC-4856-AADC-13906EF4CADD}.Release|x86.ActiveCfg = Release|Any CPU
		{EF886E1A-D553-43DA-857C-29DA0D6E0DAE}.Debug|Any CPU.ActiveCfg = Debug|Any CPU
		{EF886E1A-D553-43DA-857C-29DA0D6E0DAE}.Debug|Any CPU.Build.0 = Debug|Any CPU
		{EF886E1A-D553-43DA-857C-29DA0D6E0DAE}.Debug|x86.ActiveCfg = Debug|Any CPU
		{EF886E1A-D553-43DA-857C-29DA0D6E0DAE}.Release|Any CPU.ActiveCfg = Release|Any CPU
		{EF886E1A-D553-43DA-857C-29DA0D6E0DAE}.Release|Any CPU.Build.0 = Release|Any CPU
		{EF886E1A-D553-43DA-857C-29DA0D6E0DAE}.Release|x86.ActiveCfg = Release|Any CPU
		{3F664673-7E22-4486-9AD0-FC81861D0B78}.Debug|Any CPU.ActiveCfg = Debug|Any CPU
		{3F664673-7E22-4486-9AD0-FC81861D0B78}.Debug|Any CPU.Build.0 = Debug|Any CPU
		{3F664673-7E22-4486-9AD0-FC81861D0B78}.Debug|x86.ActiveCfg = Debug|Any CPU
		{3F664673-7E22-4486-9AD0-FC81861D0B78}.Release|Any CPU.ActiveCfg = Release|Any CPU
		{3F664673-7E22-4486-9AD0-FC81861D0B78}.Release|Any CPU.Build.0 = Release|Any CPU
		{3F664673-7E22-4486-9AD0-FC81861D0B78}.Release|x86.ActiveCfg = Release|Any CPU
		{118E40C4-323E-4B4B-8EF4-38EED6CC5E83}.Debug|Any CPU.ActiveCfg = Debug|Any CPU
		{118E40C4-323E-4B4B-8EF4-38EED6CC5E83}.Debug|Any CPU.Build.0 = Debug|Any CPU
		{118E40C4-323E-4B4B-8EF4-38EED6CC5E83}.Debug|x86.ActiveCfg = Debug|Any CPU
		{118E40C4-323E-4B4B-8EF4-38EED6CC5E83}.Release|Any CPU.ActiveCfg = Release|Any CPU
		{118E40C4-323E-4B4B-8EF4-38EED6CC5E83}.Release|Any CPU.Build.0 = Release|Any CPU
		{118E40C4-323E-4B4B-8EF4-38EED6CC5E83}.Release|x86.ActiveCfg = Release|Any CPU
		{BCBB72BD-0ECB-4FF2-8D91-E466361FB6F9}.Debug|Any CPU.ActiveCfg = Debug|Any CPU
		{BCBB72BD-0ECB-4FF2-8D91-E466361FB6F9}.Debug|Any CPU.Build.0 = Debug|Any CPU
		{BCBB72BD-0ECB-4FF2-8D91-E466361FB6F9}.Debug|x86.ActiveCfg = Debug|Any CPU
		{BCBB72BD-0ECB-4FF2-8D91-E466361FB6F9}.Release|Any CPU.ActiveCfg = Release|Any CPU
		{BCBB72BD-0ECB-4FF2-8D91-E466361FB6F9}.Release|Any CPU.Build.0 = Release|Any CPU
		{BCBB72BD-0ECB-4FF2-8D91-E466361FB6F9}.Release|x86.ActiveCfg = Release|Any CPU
		{8622EBC4-8E20-476E-B284-33D472081F5C}.Debug|Any CPU.ActiveCfg = Debug|Any CPU
		{8622EBC4-8E20-476E-B284-33D472081F5C}.Debug|Any CPU.Build.0 = Debug|Any CPU
		{8622EBC4-8E20-476E-B284-33D472081F5C}.Debug|x86.ActiveCfg = Debug|Any CPU
		{8622EBC4-8E20-476E-B284-33D472081F5C}.Release|Any CPU.ActiveCfg = Release|Any CPU
		{8622EBC4-8E20-476E-B284-33D472081F5C}.Release|Any CPU.Build.0 = Release|Any CPU
		{8622EBC4-8E20-476E-B284-33D472081F5C}.Release|x86.ActiveCfg = Release|Any CPU
		{15E460DD-7256-4645-ADFC-254FDE1B377A}.Debug|Any CPU.ActiveCfg = Debug|Any CPU
		{15E460DD-7256-4645-ADFC-254FDE1B377A}.Debug|Any CPU.Build.0 = Debug|Any CPU
		{15E460DD-7256-4645-ADFC-254FDE1B377A}.Debug|x86.ActiveCfg = Debug|Any CPU
		{15E460DD-7256-4645-ADFC-254FDE1B377A}.Release|Any CPU.ActiveCfg = Release|Any CPU
		{15E460DD-7256-4645-ADFC-254FDE1B377A}.Release|Any CPU.Build.0 = Release|Any CPU
		{15E460DD-7256-4645-ADFC-254FDE1B377A}.Release|x86.ActiveCfg = Release|Any CPU
		{8935CDB2-9992-4FCE-8E0D-53A1E72F95E5}.Debug|Any CPU.ActiveCfg = Debug|Any CPU
		{8935CDB2-9992-4FCE-8E0D-53A1E72F95E5}.Debug|Any CPU.Build.0 = Debug|Any CPU
		{8935CDB2-9992-4FCE-8E0D-53A1E72F95E5}.Debug|x86.ActiveCfg = Debug|Any CPU
		{8935CDB2-9992-4FCE-8E0D-53A1E72F95E5}.Release|Any CPU.ActiveCfg = Release|Any CPU
		{8935CDB2-9992-4FCE-8E0D-53A1E72F95E5}.Release|Any CPU.Build.0 = Release|Any CPU
		{8935CDB2-9992-4FCE-8E0D-53A1E72F95E5}.Release|x86.ActiveCfg = Release|Any CPU
	EndGlobalSection
	GlobalSection(SolutionProperties) = preSolution
		HideSolutionNode = FALSE
	EndGlobalSection
	GlobalSection(NestedProjects) = preSolution
		{39B729C6-5FED-4684-914B-B2FED7EF3D4D} = {01B401CC-2598-4F15-B8EA-986AC56C9DD0}
		{07166B09-39D7-4EA1-8FB3-1AED42D5ECD3} = {01B401CC-2598-4F15-B8EA-986AC56C9DD0}
		{E4F8335D-CD3F-4A7E-A75C-D1036C82B021} = {01B401CC-2598-4F15-B8EA-986AC56C9DD0}
		{8935CDB2-9992-4FCE-8E0D-53A1E72F95E5} = {01B401CC-2598-4F15-B8EA-986AC56C9DD0}
		{EF886E1A-D553-43DA-857C-29DA0D6E0DAE} = {39B729C6-5FED-4684-914B-B2FED7EF3D4D}
		{1C24F4F8-9D94-4783-B5C0-11564D70B76A} = {39B729C6-5FED-4684-914B-B2FED7EF3D4D}
		{BE4D0BA3-0888-42A5-9C09-FC308A4509D2} = {39B729C6-5FED-4684-914B-B2FED7EF3D4D}
		{E3CB3F51-CF9F-4327-A6A9-11D2D36FE6DB} = {07166B09-39D7-4EA1-8FB3-1AED42D5ECD3}
		{634A76D9-6F70-47CD-ADCF-43F4998A43B6} = {E3CB3F51-CF9F-4327-A6A9-11D2D36FE6DB}
		{D633A414-D5DC-488C-8E66-580BF1233B98} = {E3CB3F51-CF9F-4327-A6A9-11D2D36FE6DB}
		{8EAFC6CB-750F-4656-BF4E-BA6CE2B75B5F} = {E3CB3F51-CF9F-4327-A6A9-11D2D36FE6DB}
		{15E460DD-7256-4645-ADFC-254FDE1B377A} = {634A76D9-6F70-47CD-ADCF-43F4998A43B6}
		{3F664673-7E22-4486-9AD0-FC81861D0B78} = {E4F8335D-CD3F-4A7E-A75C-D1036C82B021}
		{2D4737E6-6D95-408A-90DB-8DFF38147E85} = {E4F8335D-CD3F-4A7E-A75C-D1036C82B021}
		{30467E5C-05BC-4856-AADC-13906EF4CADD} = {E4F8335D-CD3F-4A7E-A75C-D1036C82B021}
		{8622EBC4-8E20-476E-B284-33D472081F5C} = {E4F8335D-CD3F-4A7E-A75C-D1036C82B021}
		{BCBB72BD-0ECB-4FF2-8D91-E466361FB6F9} = {D633A414-D5DC-488C-8E66-580BF1233B98}
		{118E40C4-323E-4B4B-8EF4-38EED6CC5E83} = {8EAFC6CB-750F-4656-BF4E-BA6CE2B75B5F}
	EndGlobalSection
EndGlobal
