
Microsoft Visual Studio Solution File, Format Version 12.00
# Visual Studio 2013
VisualStudioVersion = 12.0.40629.0
MinimumVisualStudioVersion = 10.0.40219.1
Project("{FAE04EC0-301F-11D3-BF4B-00C04F79EFBC}") = "Auraluminous", "Applications\Auraluminous\Auraluminous.csproj", "{E5D3C246-D8BE-4CA8-8951-F9E57E96AE47}"
EndProject
Project("{FAE04EC0-301F-11D3-BF4B-00C04F79EFBC}") = "Auraluminous.Engine", "Libraries\Auraluminous.Engine\Auraluminous.Engine.csproj", "{88676FE6-D6C0-4480-BEA0-A649D14CB1BD}"
EndProject
Project("{FAE04EC0-301F-11D3-BF4B-00C04F79EFBC}") = "FTD2XX", "..\FTD2XX\FTD2XX\FTD2XX.csproj", "{E735D457-50D8-4958-B68C-79617595B023}"
EndProject
Project("{FAE04EC0-301F-11D3-BF4B-00C04F79EFBC}") = "Enttec.OpenDMX", "..\Enttec.OpenDMX\Enttec.OpenDMX\Enttec.OpenDMX.csproj", "{0936544E-E909-4E70-870C-2F60ACBA480E}"
EndProject
Project("{FAE04EC0-301F-11D3-BF4B-00C04F79EFBC}") = "MonoMidi", "..\MonoMidi\MonoMidi\MonoMidi.csproj", "{DDC1CE36-60E0-4B09-A288-CB14ACE252DD}"
EndProject
Project("{FAE04EC0-301F-11D3-BF4B-00C04F79EFBC}") = "MBS.Audio", "..\MBS.Audio\MBS.Audio\MBS.Audio.csproj", "{E0897B7B-617A-4709-A4C6-FC0F6B441B2A}"
EndProject
Project("{FAE04EC0-301F-11D3-BF4B-00C04F79EFBC}") = "UniversalEditor.Plugins.Auraluminous", "Plugins\UniversalEditor.Plugins.Auraluminous\UniversalEditor.Plugins.Auraluminous.csproj", "{EF886E1A-D553-43DA-857C-29DA0D6E0DAE}"
EndProject
Project("{2150E333-8FDC-42A3-9474-1A3956D46DE8}") = "UniversalEditor", "UniversalEditor", "{01B401CC-2598-4F15-B8EA-986AC56C9DD0}"
EndProject
Project("{2150E333-8FDC-42A3-9474-1A3956D46DE8}") = "Plugins", "Plugins", "{39B729C6-5FED-4684-914B-B2FED7EF3D4D}"
EndProject
Project("{2150E333-8FDC-42A3-9474-1A3956D46DE8}") = "Libraries", "Libraries", "{E4F8335D-CD3F-4A7E-A75C-D1036C82B021}"
EndProject
Project("{FAE04EC0-301F-11D3-BF4B-00C04F79EFBC}") = "Auraluminous.Bootstrapper", "Applications\Auraluminous.Bootstrapper\Auraluminous.Bootstrapper.csproj", "{8935CDB2-9992-4FCE-8E0D-53A1E72F95E5}"
EndProject
Project("{2150E333-8FDC-42A3-9474-1A3956D46DE8}") = "Enttec", "Enttec", "{3E343AFD-D0D6-453E-880A-E3AF0217455C}"
EndProject
Project("{FAE04EC0-301F-11D3-BF4B-00C04F79EFBC}") = "Auraluminous.Plugins.Enttec", "Plugins\Auraluminous.Plugins.Enttec\Auraluminous.Plugins.Enttec.csproj", "{052CF5D5-C2AD-40D8-A0D4-54978E5452E8}"
EndProject
Project("{2150E333-8FDC-42A3-9474-1A3956D46DE8}") = "uDMX", "uDMX", "{3AC82D8E-C988-4A7A-B57F-7F9F47A5D0AD}"
EndProject
Project("{FAE04EC0-301F-11D3-BF4B-00C04F79EFBC}") = "Auraluminous.Plugins.uDMX", "Plugins\Auraluminous.Plugins.uDMX\Auraluminous.Plugins.uDMX.csproj", "{032C4064-9B30-48BD-BD47-FAA3532A0EA1}"
EndProject
Project("{FAE04EC0-301F-11D3-BF4B-00C04F79EFBC}") = "uDMX", "..\uDMX\uDMX.csproj", "{AC9E14D6-7EF0-4B5F-9645-B033D63DE3F2}"
EndProject
Project("{FAE04EC0-301F-11D3-BF4B-00C04F79EFBC}") = "UniversalEditor.Core", "..\UniversalEditor\Libraries\UniversalEditor.Core\UniversalEditor.Core.csproj", "{2D4737E6-6D95-408A-90DB-8DFF38147E85}"
EndProject
Project("{FAE04EC0-301F-11D3-BF4B-00C04F79EFBC}") = "UniversalEditor.Compression", "..\UniversalEditor\Libraries\UniversalEditor.Compression\UniversalEditor.Compression.csproj", "{3F664673-7E22-4486-9AD0-FC81861D0B78}"
EndProject
Project("{FAE04EC0-301F-11D3-BF4B-00C04F79EFBC}") = "UniversalEditor.Essential", "..\UniversalEditor\Libraries\UniversalEditor.Essential\UniversalEditor.Essential.csproj", "{30467E5C-05BC-4856-AADC-13906EF4CADD}"
EndProject
Project("{FAE04EC0-301F-11D3-BF4B-00C04F79EFBC}") = "UniversalEditor.UserInterface", "..\UniversalEditor\Libraries\UniversalEditor.UserInterface\UniversalEditor.UserInterface.csproj", "{8622EBC4-8E20-476E-B284-33D472081F5C}"
EndProject
Project("{FAE04EC0-301F-11D3-BF4B-00C04F79EFBC}") = "UniversalEditor.Plugins.Lighting", "..\UniversalEditor\Plugins\UniversalEditor.Plugins.Lighting\UniversalEditor.Plugins.Lighting.csproj", "{1C24F4F8-9D94-4783-B5C0-11564D70B76A}"
EndProject
Project("{FAE04EC0-301F-11D3-BF4B-00C04F79EFBC}") = "UniversalEditor.Plugins.Multimedia", "..\UniversalEditor\Plugins\UniversalEditor.Plugins.Multimedia\UniversalEditor.Plugins.Multimedia.csproj", "{BE4D0BA3-0888-42A5-9C09-FC308A4509D2}"
EndProject
Project("{2150E333-8FDC-42A3-9474-1A3956D46DE8}") = "Dependencies", "Dependencies", "{46BE6BD7-7D4C-46BA-B84B-10FB6BE8349C}"
EndProject
Project("{FAE04EC0-301F-11D3-BF4B-00C04F79EFBC}") = "MBS.Framework", "..\MBS.Framework\MBS.Framework\MBS.Framework.csproj", "{00266B21-35C9-4A7F-A6BA-D54D7FDCC25C}"
EndProject
Project("{FAE04EC0-301F-11D3-BF4B-00C04F79EFBC}") = "MBS.Framework.UserInterface", "..\MBS.Framework.UserInterface\Libraries\MBS.Framework.UserInterface\MBS.Framework.UserInterface.csproj", "{29E1C1BB-3EA5-4062-B62F-85EEC703FE07}"
EndProject
Project("{FAE04EC0-301F-11D3-BF4B-00C04F79EFBC}") = "MBS.Framework.USB", "..\MBS.Framework.USB\Libraries\MBS.Framework.USB\MBS.Framework.USB.csproj", "{00DCDC16-6AC5-4F1A-9485-D60893719080}"
EndProject
Project("{2150E333-8FDC-42A3-9474-1A3956D46DE8}") = "Applications", "Applications", "{01102F7B-D606-488A-A553-711B72A3416E}"
EndProject
Project("{2150E333-8FDC-42A3-9474-1A3956D46DE8}") = "Applications", "Applications", "{3C7C0BC9-4CE9-4A68-A8EA-1EFA7932BD14}"
EndProject
Project("{2150E333-8FDC-42A3-9474-1A3956D46DE8}") = "Libraries", "Libraries", "{0FB0DEDA-5A70-437D-8924-9B49FB230F84}"
EndProject
Global
	GlobalSection(SolutionConfigurationPlatforms) = preSolution
		Debug|Any CPU = Debug|Any CPU
		Debug|x86 = Debug|x86
		Release|Any CPU = Release|Any CPU
		Release|x86 = Release|x86
	EndGlobalSection
	GlobalSection(ProjectConfigurationPlatforms) = postSolution
		{E5D3C246-D8BE-4CA8-8951-F9E57E96AE47}.Debug|Any CPU.ActiveCfg = Debug|Any CPU
		{E5D3C246-D8BE-4CA8-8951-F9E57E96AE47}.Debug|Any CPU.Build.0 = Debug|Any CPU
		{E5D3C246-D8BE-4CA8-8951-F9E57E96AE47}.Debug|x86.ActiveCfg = Debug|Any CPU
		{E5D3C246-D8BE-4CA8-8951-F9E57E96AE47}.Release|Any CPU.ActiveCfg = Release|Any CPU
		{E5D3C246-D8BE-4CA8-8951-F9E57E96AE47}.Release|Any CPU.Build.0 = Release|Any CPU
		{E5D3C246-D8BE-4CA8-8951-F9E57E96AE47}.Release|x86.ActiveCfg = Release|Any CPU
		{88676FE6-D6C0-4480-BEA0-A649D14CB1BD}.Debug|Any CPU.ActiveCfg = Debug|Any CPU
		{88676FE6-D6C0-4480-BEA0-A649D14CB1BD}.Debug|Any CPU.Build.0 = Debug|Any CPU
		{88676FE6-D6C0-4480-BEA0-A649D14CB1BD}.Debug|x86.ActiveCfg = Debug|Any CPU
		{88676FE6-D6C0-4480-BEA0-A649D14CB1BD}.Release|Any CPU.ActiveCfg = Release|Any CPU
		{88676FE6-D6C0-4480-BEA0-A649D14CB1BD}.Release|Any CPU.Build.0 = Release|Any CPU
		{88676FE6-D6C0-4480-BEA0-A649D14CB1BD}.Release|x86.ActiveCfg = Release|Any CPU
		{E735D457-50D8-4958-B68C-79617595B023}.Debug|Any CPU.ActiveCfg = Debug|Any CPU
		{E735D457-50D8-4958-B68C-79617595B023}.Debug|Any CPU.Build.0 = Debug|Any CPU
		{E735D457-50D8-4958-B68C-79617595B023}.Debug|x86.ActiveCfg = Debug|Any CPU
		{E735D457-50D8-4958-B68C-79617595B023}.Release|Any CPU.ActiveCfg = Release|Any CPU
		{E735D457-50D8-4958-B68C-79617595B023}.Release|Any CPU.Build.0 = Release|Any CPU
		{E735D457-50D8-4958-B68C-79617595B023}.Release|x86.ActiveCfg = Release|Any CPU
		{0936544E-E909-4E70-870C-2F60ACBA480E}.Debug|Any CPU.ActiveCfg = Debug|Any CPU
		{0936544E-E909-4E70-870C-2F60ACBA480E}.Debug|Any CPU.Build.0 = Debug|Any CPU
		{0936544E-E909-4E70-870C-2F60ACBA480E}.Debug|x86.ActiveCfg = Debug|Any CPU
		{0936544E-E909-4E70-870C-2F60ACBA480E}.Release|Any CPU.ActiveCfg = Release|Any CPU
		{0936544E-E909-4E70-870C-2F60ACBA480E}.Release|Any CPU.Build.0 = Release|Any CPU
		{0936544E-E909-4E70-870C-2F60ACBA480E}.Release|x86.ActiveCfg = Release|Any CPU
		{DDC1CE36-60E0-4B09-A288-CB14ACE252DD}.Debug|Any CPU.ActiveCfg = Debug|Any CPU
		{DDC1CE36-60E0-4B09-A288-CB14ACE252DD}.Debug|Any CPU.Build.0 = Debug|Any CPU
		{DDC1CE36-60E0-4B09-A288-CB14ACE252DD}.Debug|x86.ActiveCfg = Debug|Any CPU
		{DDC1CE36-60E0-4B09-A288-CB14ACE252DD}.Release|Any CPU.ActiveCfg = Release|Any CPU
		{DDC1CE36-60E0-4B09-A288-CB14ACE252DD}.Release|Any CPU.Build.0 = Release|Any CPU
		{DDC1CE36-60E0-4B09-A288-CB14ACE252DD}.Release|x86.ActiveCfg = Release|Any CPU
		{E0897B7B-617A-4709-A4C6-FC0F6B441B2A}.Debug|Any CPU.ActiveCfg = Debug|Any CPU
		{E0897B7B-617A-4709-A4C6-FC0F6B441B2A}.Debug|Any CPU.Build.0 = Debug|Any CPU
		{E0897B7B-617A-4709-A4C6-FC0F6B441B2A}.Debug|x86.ActiveCfg = Debug|Any CPU
		{E0897B7B-617A-4709-A4C6-FC0F6B441B2A}.Release|Any CPU.ActiveCfg = Release|Any CPU
		{E0897B7B-617A-4709-A4C6-FC0F6B441B2A}.Release|Any CPU.Build.0 = Release|Any CPU
		{E0897B7B-617A-4709-A4C6-FC0F6B441B2A}.Release|x86.ActiveCfg = Release|Any CPU
		{EF886E1A-D553-43DA-857C-29DA0D6E0DAE}.Debug|Any CPU.ActiveCfg = Debug|Any CPU
		{EF886E1A-D553-43DA-857C-29DA0D6E0DAE}.Debug|Any CPU.Build.0 = Debug|Any CPU
		{EF886E1A-D553-43DA-857C-29DA0D6E0DAE}.Debug|x86.ActiveCfg = Debug|Any CPU
		{EF886E1A-D553-43DA-857C-29DA0D6E0DAE}.Release|Any CPU.ActiveCfg = Release|Any CPU
		{EF886E1A-D553-43DA-857C-29DA0D6E0DAE}.Release|Any CPU.Build.0 = Release|Any CPU
		{EF886E1A-D553-43DA-857C-29DA0D6E0DAE}.Release|x86.ActiveCfg = Release|Any CPU
		{8935CDB2-9992-4FCE-8E0D-53A1E72F95E5}.Debug|Any CPU.ActiveCfg = Debug|Any CPU
		{8935CDB2-9992-4FCE-8E0D-53A1E72F95E5}.Debug|Any CPU.Build.0 = Debug|Any CPU
		{8935CDB2-9992-4FCE-8E0D-53A1E72F95E5}.Debug|x86.ActiveCfg = Debug|Any CPU
		{8935CDB2-9992-4FCE-8E0D-53A1E72F95E5}.Release|Any CPU.ActiveCfg = Release|Any CPU
		{8935CDB2-9992-4FCE-8E0D-53A1E72F95E5}.Release|Any CPU.Build.0 = Release|Any CPU
		{8935CDB2-9992-4FCE-8E0D-53A1E72F95E5}.Release|x86.ActiveCfg = Release|Any CPU
		{052CF5D5-C2AD-40D8-A0D4-54978E5452E8}.Debug|Any CPU.ActiveCfg = Debug|Any CPU
		{052CF5D5-C2AD-40D8-A0D4-54978E5452E8}.Debug|Any CPU.Build.0 = Debug|Any CPU
		{052CF5D5-C2AD-40D8-A0D4-54978E5452E8}.Debug|x86.ActiveCfg = Debug|Any CPU
		{052CF5D5-C2AD-40D8-A0D4-54978E5452E8}.Release|Any CPU.ActiveCfg = Release|Any CPU
		{052CF5D5-C2AD-40D8-A0D4-54978E5452E8}.Release|Any CPU.Build.0 = Release|Any CPU
		{052CF5D5-C2AD-40D8-A0D4-54978E5452E8}.Release|x86.ActiveCfg = Release|Any CPU
		{032C4064-9B30-48BD-BD47-FAA3532A0EA1}.Debug|Any CPU.ActiveCfg = Debug|Any CPU
		{032C4064-9B30-48BD-BD47-FAA3532A0EA1}.Debug|Any CPU.Build.0 = Debug|Any CPU
		{032C4064-9B30-48BD-BD47-FAA3532A0EA1}.Debug|x86.ActiveCfg = Debug|Any CPU
		{032C4064-9B30-48BD-BD47-FAA3532A0EA1}.Release|Any CPU.ActiveCfg = Release|Any CPU
		{032C4064-9B30-48BD-BD47-FAA3532A0EA1}.Release|Any CPU.Build.0 = Release|Any CPU
		{032C4064-9B30-48BD-BD47-FAA3532A0EA1}.Release|x86.ActiveCfg = Release|Any CPU
		{AC9E14D6-7EF0-4B5F-9645-B033D63DE3F2}.Debug|Any CPU.ActiveCfg = Debug|Any CPU
		{AC9E14D6-7EF0-4B5F-9645-B033D63DE3F2}.Debug|Any CPU.Build.0 = Debug|Any CPU
		{AC9E14D6-7EF0-4B5F-9645-B033D63DE3F2}.Debug|x86.ActiveCfg = Debug|Any CPU
		{AC9E14D6-7EF0-4B5F-9645-B033D63DE3F2}.Release|Any CPU.ActiveCfg = Release|Any CPU
		{AC9E14D6-7EF0-4B5F-9645-B033D63DE3F2}.Release|Any CPU.Build.0 = Release|Any CPU
		{AC9E14D6-7EF0-4B5F-9645-B033D63DE3F2}.Release|x86.ActiveCfg = Release|Any CPU
		{2D4737E6-6D95-408A-90DB-8DFF38147E85}.Debug|Any CPU.ActiveCfg = Debug|Any CPU
		{2D4737E6-6D95-408A-90DB-8DFF38147E85}.Debug|Any CPU.Build.0 = Debug|Any CPU
		{2D4737E6-6D95-408A-90DB-8DFF38147E85}.Debug|x86.ActiveCfg = Debug|Any CPU
		{2D4737E6-6D95-408A-90DB-8DFF38147E85}.Debug|x86.Build.0 = Debug|Any CPU
		{2D4737E6-6D95-408A-90DB-8DFF38147E85}.Release|Any CPU.ActiveCfg = Release|Any CPU
		{2D4737E6-6D95-408A-90DB-8DFF38147E85}.Release|Any CPU.Build.0 = Release|Any CPU
		{2D4737E6-6D95-408A-90DB-8DFF38147E85}.Release|x86.ActiveCfg = Release|Any CPU
		{2D4737E6-6D95-408A-90DB-8DFF38147E85}.Release|x86.Build.0 = Release|Any CPU
		{3F664673-7E22-4486-9AD0-FC81861D0B78}.Debug|Any CPU.ActiveCfg = Debug|Any CPU
		{3F664673-7E22-4486-9AD0-FC81861D0B78}.Debug|Any CPU.Build.0 = Debug|Any CPU
		{3F664673-7E22-4486-9AD0-FC81861D0B78}.Debug|x86.ActiveCfg = Debug|Any CPU
		{3F664673-7E22-4486-9AD0-FC81861D0B78}.Debug|x86.Build.0 = Debug|Any CPU
		{3F664673-7E22-4486-9AD0-FC81861D0B78}.Release|Any CPU.ActiveCfg = Release|Any CPU
		{3F664673-7E22-4486-9AD0-FC81861D0B78}.Release|Any CPU.Build.0 = Release|Any CPU
		{3F664673-7E22-4486-9AD0-FC81861D0B78}.Release|x86.ActiveCfg = Release|Any CPU
		{3F664673-7E22-4486-9AD0-FC81861D0B78}.Release|x86.Build.0 = Release|Any CPU
		{30467E5C-05BC-4856-AADC-13906EF4CADD}.Debug|Any CPU.ActiveCfg = Debug|Any CPU
		{30467E5C-05BC-4856-AADC-13906EF4CADD}.Debug|Any CPU.Build.0 = Debug|Any CPU
		{30467E5C-05BC-4856-AADC-13906EF4CADD}.Debug|x86.ActiveCfg = Debug|Any CPU
		{30467E5C-05BC-4856-AADC-13906EF4CADD}.Debug|x86.Build.0 = Debug|Any CPU
		{30467E5C-05BC-4856-AADC-13906EF4CADD}.Release|Any CPU.ActiveCfg = Release|Any CPU
		{30467E5C-05BC-4856-AADC-13906EF4CADD}.Release|Any CPU.Build.0 = Release|Any CPU
		{30467E5C-05BC-4856-AADC-13906EF4CADD}.Release|x86.ActiveCfg = Release|Any CPU
		{30467E5C-05BC-4856-AADC-13906EF4CADD}.Release|x86.Build.0 = Release|Any CPU
		{8622EBC4-8E20-476E-B284-33D472081F5C}.Debug|Any CPU.ActiveCfg = Debug|Any CPU
		{8622EBC4-8E20-476E-B284-33D472081F5C}.Debug|Any CPU.Build.0 = Debug|Any CPU
		{8622EBC4-8E20-476E-B284-33D472081F5C}.Debug|x86.ActiveCfg = Debug|Any CPU
		{8622EBC4-8E20-476E-B284-33D472081F5C}.Debug|x86.Build.0 = Debug|Any CPU
		{8622EBC4-8E20-476E-B284-33D472081F5C}.Release|Any CPU.ActiveCfg = Release|Any CPU
		{8622EBC4-8E20-476E-B284-33D472081F5C}.Release|Any CPU.Build.0 = Release|Any CPU
		{8622EBC4-8E20-476E-B284-33D472081F5C}.Release|x86.ActiveCfg = Release|Any CPU
		{8622EBC4-8E20-476E-B284-33D472081F5C}.Release|x86.Build.0 = Release|Any CPU
		{1C24F4F8-9D94-4783-B5C0-11564D70B76A}.Debug|Any CPU.ActiveCfg = Debug|Any CPU
		{1C24F4F8-9D94-4783-B5C0-11564D70B76A}.Debug|Any CPU.Build.0 = Debug|Any CPU
		{1C24F4F8-9D94-4783-B5C0-11564D70B76A}.Debug|x86.ActiveCfg = Debug|Any CPU
		{1C24F4F8-9D94-4783-B5C0-11564D70B76A}.Debug|x86.Build.0 = Debug|Any CPU
		{1C24F4F8-9D94-4783-B5C0-11564D70B76A}.Release|Any CPU.ActiveCfg = Release|Any CPU
		{1C24F4F8-9D94-4783-B5C0-11564D70B76A}.Release|Any CPU.Build.0 = Release|Any CPU
		{1C24F4F8-9D94-4783-B5C0-11564D70B76A}.Release|x86.ActiveCfg = Release|Any CPU
		{1C24F4F8-9D94-4783-B5C0-11564D70B76A}.Release|x86.Build.0 = Release|Any CPU
		{BE4D0BA3-0888-42A5-9C09-FC308A4509D2}.Debug|Any CPU.ActiveCfg = Debug|Any CPU
		{BE4D0BA3-0888-42A5-9C09-FC308A4509D2}.Debug|Any CPU.Build.0 = Debug|Any CPU
		{BE4D0BA3-0888-42A5-9C09-FC308A4509D2}.Debug|x86.ActiveCfg = Debug|Any CPU
		{BE4D0BA3-0888-42A5-9C09-FC308A4509D2}.Debug|x86.Build.0 = Debug|Any CPU
		{BE4D0BA3-0888-42A5-9C09-FC308A4509D2}.Release|Any CPU.ActiveCfg = Release|Any CPU
		{BE4D0BA3-0888-42A5-9C09-FC308A4509D2}.Release|Any CPU.Build.0 = Release|Any CPU
		{BE4D0BA3-0888-42A5-9C09-FC308A4509D2}.Release|x86.ActiveCfg = Release|Any CPU
		{BE4D0BA3-0888-42A5-9C09-FC308A4509D2}.Release|x86.Build.0 = Release|Any CPU
		{00266B21-35C9-4A7F-A6BA-D54D7FDCC25C}.Debug|Any CPU.ActiveCfg = Debug|Any CPU
		{00266B21-35C9-4A7F-A6BA-D54D7FDCC25C}.Debug|Any CPU.Build.0 = Debug|Any CPU
		{00266B21-35C9-4A7F-A6BA-D54D7FDCC25C}.Debug|x86.ActiveCfg = Debug|Any CPU
		{00266B21-35C9-4A7F-A6BA-D54D7FDCC25C}.Debug|x86.Build.0 = Debug|Any CPU
		{00266B21-35C9-4A7F-A6BA-D54D7FDCC25C}.Release|Any CPU.ActiveCfg = Release|Any CPU
		{00266B21-35C9-4A7F-A6BA-D54D7FDCC25C}.Release|Any CPU.Build.0 = Release|Any CPU
		{00266B21-35C9-4A7F-A6BA-D54D7FDCC25C}.Release|x86.ActiveCfg = Release|Any CPU
		{00266B21-35C9-4A7F-A6BA-D54D7FDCC25C}.Release|x86.Build.0 = Release|Any CPU
		{29E1C1BB-3EA5-4062-B62F-85EEC703FE07}.Debug|Any CPU.ActiveCfg = Debug|Any CPU
		{29E1C1BB-3EA5-4062-B62F-85EEC703FE07}.Debug|Any CPU.Build.0 = Debug|Any CPU
		{29E1C1BB-3EA5-4062-B62F-85EEC703FE07}.Debug|x86.ActiveCfg = Debug|Any CPU
		{29E1C1BB-3EA5-4062-B62F-85EEC703FE07}.Debug|x86.Build.0 = Debug|Any CPU
		{29E1C1BB-3EA5-4062-B62F-85EEC703FE07}.Release|Any CPU.ActiveCfg = Release|Any CPU
		{29E1C1BB-3EA5-4062-B62F-85EEC703FE07}.Release|Any CPU.Build.0 = Release|Any CPU
		{29E1C1BB-3EA5-4062-B62F-85EEC703FE07}.Release|x86.ActiveCfg = Release|Any CPU
		{29E1C1BB-3EA5-4062-B62F-85EEC703FE07}.Release|x86.Build.0 = Release|Any CPU
		{00DCDC16-6AC5-4F1A-9485-D60893719080}.Debug|Any CPU.ActiveCfg = Debug|Any CPU
		{00DCDC16-6AC5-4F1A-9485-D60893719080}.Debug|Any CPU.Build.0 = Debug|Any CPU
		{00DCDC16-6AC5-4F1A-9485-D60893719080}.Debug|x86.ActiveCfg = Debug|Any CPU
		{00DCDC16-6AC5-4F1A-9485-D60893719080}.Debug|x86.Build.0 = Debug|Any CPU
		{00DCDC16-6AC5-4F1A-9485-D60893719080}.Release|Any CPU.ActiveCfg = Release|Any CPU
		{00DCDC16-6AC5-4F1A-9485-D60893719080}.Release|Any CPU.Build.0 = Release|Any CPU
		{00DCDC16-6AC5-4F1A-9485-D60893719080}.Release|x86.ActiveCfg = Release|Any CPU
		{00DCDC16-6AC5-4F1A-9485-D60893719080}.Release|x86.Build.0 = Release|Any CPU
	EndGlobalSection
	GlobalSection(SolutionProperties) = preSolution
		HideSolutionNode = FALSE
	EndGlobalSection
	GlobalSection(NestedProjects) = preSolution
		{E735D457-50D8-4958-B68C-79617595B023} = {3E343AFD-D0D6-453E-880A-E3AF0217455C}
		{0936544E-E909-4E70-870C-2F60ACBA480E} = {3E343AFD-D0D6-453E-880A-E3AF0217455C}
		{EF886E1A-D553-43DA-857C-29DA0D6E0DAE} = {39B729C6-5FED-4684-914B-B2FED7EF3D4D}
		{39B729C6-5FED-4684-914B-B2FED7EF3D4D} = {01B401CC-2598-4F15-B8EA-986AC56C9DD0}
		{E4F8335D-CD3F-4A7E-A75C-D1036C82B021} = {01B401CC-2598-4F15-B8EA-986AC56C9DD0}
		{8935CDB2-9992-4FCE-8E0D-53A1E72F95E5} = {3C7C0BC9-4CE9-4A68-A8EA-1EFA7932BD14}
		{052CF5D5-C2AD-40D8-A0D4-54978E5452E8} = {3E343AFD-D0D6-453E-880A-E3AF0217455C}
		{032C4064-9B30-48BD-BD47-FAA3532A0EA1} = {3AC82D8E-C988-4A7A-B57F-7F9F47A5D0AD}
		{AC9E14D6-7EF0-4B5F-9645-B033D63DE3F2} = {3AC82D8E-C988-4A7A-B57F-7F9F47A5D0AD}
		{2D4737E6-6D95-408A-90DB-8DFF38147E85} = {E4F8335D-CD3F-4A7E-A75C-D1036C82B021}
		{3F664673-7E22-4486-9AD0-FC81861D0B78} = {E4F8335D-CD3F-4A7E-A75C-D1036C82B021}
		{30467E5C-05BC-4856-AADC-13906EF4CADD} = {E4F8335D-CD3F-4A7E-A75C-D1036C82B021}
		{8622EBC4-8E20-476E-B284-33D472081F5C} = {E4F8335D-CD3F-4A7E-A75C-D1036C82B021}
		{1C24F4F8-9D94-4783-B5C0-11564D70B76A} = {39B729C6-5FED-4684-914B-B2FED7EF3D4D}
		{BE4D0BA3-0888-42A5-9C09-FC308A4509D2} = {39B729C6-5FED-4684-914B-B2FED7EF3D4D}
		{00266B21-35C9-4A7F-A6BA-D54D7FDCC25C} = {46BE6BD7-7D4C-46BA-B84B-10FB6BE8349C}
		{29E1C1BB-3EA5-4062-B62F-85EEC703FE07} = {46BE6BD7-7D4C-46BA-B84B-10FB6BE8349C}
		{E0897B7B-617A-4709-A4C6-FC0F6B441B2A} = {46BE6BD7-7D4C-46BA-B84B-10FB6BE8349C}
		{00DCDC16-6AC5-4F1A-9485-D60893719080} = {3AC82D8E-C988-4A7A-B57F-7F9F47A5D0AD}
		{E5D3C246-D8BE-4CA8-8951-F9E57E96AE47} = {01102F7B-D606-488A-A553-711B72A3416E}
		{3C7C0BC9-4CE9-4A68-A8EA-1EFA7932BD14} = {01B401CC-2598-4F15-B8EA-986AC56C9DD0}
		{88676FE6-D6C0-4480-BEA0-A649D14CB1BD} = {0FB0DEDA-5A70-437D-8924-9B49FB230F84}
	EndGlobalSection
EndGlobal
